
Microsoft Visual Studio Solution File, Format Version 12.00
# Visual Studio Version 16
VisualStudioVersion = 16.0.29201.188
MinimumVisualStudioVersion = 10.0.40219.1
Project("{9A19103F-16F7-4668-BE54-9A1E7A4F7556}") = "Examples.Pipeline.WebJobs", "Examples.Pipeline.WebJobs\Examples.Pipeline.WebJobs.csproj", "{42174F76-1F1C-452D-8B86-A4BE5DFAA6E9}"
EndProject
Project("{9A19103F-16F7-4668-BE54-9A1E7A4F7556}") = "Examples.Pipeline", "Examples.Pipeline\Examples.Pipeline.csproj", "{9E7A1E3A-ECFB-4B14-A044-97DABFFD96F7}"
EndProject
Project("{9A19103F-16F7-4668-BE54-9A1E7A4F7556}") = "Examples.Pipeline.Functions", "Examples.Pipeline.Functions\Examples.Pipeline.Functions.csproj", "{7DCFAAD4-9953-4836-893E-0BC52560E552}"
EndProject
Project("{9A19103F-16F7-4668-BE54-9A1E7A4F7556}") = "Examples.Pipeline.Tests", "Examples.Pipeline.Tests\Examples.Pipeline.Tests.csproj", "{82AED901-0B66-47BC-8A49-D2ACC65591D1}"
EndProject
Project("{9A19103F-16F7-4668-BE54-9A1E7A4F7556}") = "Examples.Pipeline.MessageGenerator", "Examples.Pipeline.MessageGenerator\Examples.Pipeline.MessageGenerator.csproj", "{2A59FC2F-EC2F-4BB0-8DC0-ED8F07E66AA1}"
EndProject
Project("{9A19103F-16F7-4668-BE54-9A1E7A4F7556}") = "Examples.Pipeline.ServiceBusReceiver", "Examples.Pipeline.ServiceBusReceiver\Examples.Pipeline.ServiceBusReceiver.csproj", "{EE9D6D61-35C0-46A8-B921-3323B68F6032}"
EndProject
Project("{9A19103F-16F7-4668-BE54-9A1E7A4F7556}") = "Examples.Pipeline.Insights", "Examples.Pipeline.Insights\Examples.Pipeline.Insights.csproj", "{083872AA-E9FF-4424-AD83-0C7B74A26B73}"
EndProject
Project("{9A19103F-16F7-4668-BE54-9A1E7A4F7556}") = "Examples.Pipeline.EventProcessor", "Examples.Pipeline.EventProcessor\Examples.Pipeline.EventProcessor.csproj", "{30F76C15-13DD-4288-89FC-7C3072BDF5F5}"
EndProject
Project("{FAE04EC0-301F-11D3-BF4B-00C04F79EFBC}") = "Examples.Pipeline.Aggregator", "Examples.Pipeline.Aggregator\Examples.Pipeline.Aggregator.csproj", "{24B96798-4414-42B2-A5B8-10CEFBF25CF8}"
EndProject
Global
	GlobalSection(SolutionConfigurationPlatforms) = preSolution
		Debug|Any CPU = Debug|Any CPU
		Release|Any CPU = Release|Any CPU
	EndGlobalSection
	GlobalSection(ProjectConfigurationPlatforms) = postSolution
		{42174F76-1F1C-452D-8B86-A4BE5DFAA6E9}.Debug|Any CPU.ActiveCfg = Debug|Any CPU
		{42174F76-1F1C-452D-8B86-A4BE5DFAA6E9}.Debug|Any CPU.Build.0 = Debug|Any CPU
		{42174F76-1F1C-452D-8B86-A4BE5DFAA6E9}.Release|Any CPU.ActiveCfg = Release|Any CPU
		{42174F76-1F1C-452D-8B86-A4BE5DFAA6E9}.Release|Any CPU.Build.0 = Release|Any CPU
		{9E7A1E3A-ECFB-4B14-A044-97DABFFD96F7}.Debug|Any CPU.ActiveCfg = Debug|Any CPU
		{9E7A1E3A-ECFB-4B14-A044-97DABFFD96F7}.Debug|Any CPU.Build.0 = Debug|Any CPU
		{9E7A1E3A-ECFB-4B14-A044-97DABFFD96F7}.Release|Any CPU.ActiveCfg = Release|Any CPU
		{9E7A1E3A-ECFB-4B14-A044-97DABFFD96F7}.Release|Any CPU.Build.0 = Release|Any CPU
		{7DCFAAD4-9953-4836-893E-0BC52560E552}.Debug|Any CPU.ActiveCfg = Debug|Any CPU
		{7DCFAAD4-9953-4836-893E-0BC52560E552}.Debug|Any CPU.Build.0 = Debug|Any CPU
		{7DCFAAD4-9953-4836-893E-0BC52560E552}.Release|Any CPU.ActiveCfg = Release|Any CPU
		{7DCFAAD4-9953-4836-893E-0BC52560E552}.Release|Any CPU.Build.0 = Release|Any CPU
		{82AED901-0B66-47BC-8A49-D2ACC65591D1}.Debug|Any CPU.ActiveCfg = Debug|Any CPU
		{82AED901-0B66-47BC-8A49-D2ACC65591D1}.Debug|Any CPU.Build.0 = Debug|Any CPU
		{82AED901-0B66-47BC-8A49-D2ACC65591D1}.Release|Any CPU.ActiveCfg = Release|Any CPU
		{82AED901-0B66-47BC-8A49-D2ACC65591D1}.Release|Any CPU.Build.0 = Release|Any CPU
		{2A59FC2F-EC2F-4BB0-8DC0-ED8F07E66AA1}.Debug|Any CPU.ActiveCfg = Debug|Any CPU
		{2A59FC2F-EC2F-4BB0-8DC0-ED8F07E66AA1}.Debug|Any CPU.Build.0 = Debug|Any CPU
		{2A59FC2F-EC2F-4BB0-8DC0-ED8F07E66AA1}.Release|Any CPU.ActiveCfg = Release|Any CPU
		{2A59FC2F-EC2F-4BB0-8DC0-ED8F07E66AA1}.Release|Any CPU.Build.0 = Release|Any CPU
		{EE9D6D61-35C0-46A8-B921-3323B68F6032}.Debug|Any CPU.ActiveCfg = Debug|Any CPU
		{EE9D6D61-35C0-46A8-B921-3323B68F6032}.Debug|Any CPU.Build.0 = Debug|Any CPU
		{EE9D6D61-35C0-46A8-B921-3323B68F6032}.Release|Any CPU.ActiveCfg = Release|Any CPU
		{EE9D6D61-35C0-46A8-B921-3323B68F6032}.Release|Any CPU.Build.0 = Release|Any CPU
		{083872AA-E9FF-4424-AD83-0C7B74A26B73}.Debug|Any CPU.ActiveCfg = Debug|Any CPU
		{083872AA-E9FF-4424-AD83-0C7B74A26B73}.Debug|Any CPU.Build.0 = Debug|Any CPU
		{083872AA-E9FF-4424-AD83-0C7B74A26B73}.Release|Any CPU.ActiveCfg = Release|Any CPU
		{083872AA-E9FF-4424-AD83-0C7B74A26B73}.Release|Any CPU.Build.0 = Release|Any CPU
		{30F76C15-13DD-4288-89FC-7C3072BDF5F5}.Debug|Any CPU.ActiveCfg = Debug|Any CPU
		{30F76C15-13DD-4288-89FC-7C3072BDF5F5}.Debug|Any CPU.Build.0 = Debug|Any CPU
		{30F76C15-13DD-4288-89FC-7C3072BDF5F5}.Release|Any CPU.ActiveCfg = Release|Any CPU
		{30F76C15-13DD-4288-89FC-7C3072BDF5F5}.Release|Any CPU.Build.0 = Release|Any CPU
		{24B96798-4414-42B2-A5B8-10CEFBF25CF8}.Debug|Any CPU.ActiveCfg = Debug|Any CPU
		{24B96798-4414-42B2-A5B8-10CEFBF25CF8}.Debug|Any CPU.Build.0 = Debug|Any CPU
		{24B96798-4414-42B2-A5B8-10CEFBF25CF8}.Release|Any CPU.ActiveCfg = Release|Any CPU
		{24B96798-4414-42B2-A5B8-10CEFBF25CF8}.Release|Any CPU.Build.0 = Release|Any CPU
	EndGlobalSection
	GlobalSection(SolutionProperties) = preSolution
		HideSolutionNode = FALSE
	EndGlobalSection
	GlobalSection(ExtensibilityGlobals) = postSolution
		SolutionGuid = {EF16BDF1-E293-4BC2-B9F5-31F6380B6F29}
	EndGlobalSection
EndGlobal
