
Microsoft Visual Studio Solution File, Format Version 12.00
# Visual Studio Version 16
VisualStudioVersion = 16.0.29905.134
MinimumVisualStudioVersion = 10.0.40219.1
Project("{FAE04EC0-301F-11D3-BF4B-00C04F79EFBC}") = "RedisCheck", "RedisCheck.csproj", "{509DDF87-BF38-4260-B1AF-570EB87175B6}"
EndProject
Global
	GlobalSection(SolutionConfigurationPlatforms) = preSolution
		Debug|Any CPU = Debug|Any CPU
		Release|Any CPU = Release|Any CPU
	EndGlobalSection
	GlobalSection(ProjectConfigurationPlatforms) = postSolution
		{509DDF87-BF38-4260-B1AF-570EB87175B6}.Debug|Any CPU.ActiveCfg = Debug|Any CPU
		{509DDF87-BF38-4260-B1AF-570EB87175B6}.Debug|Any CPU.Build.0 = Debug|Any CPU
		{509DDF87-BF38-4260-B1AF-570EB87175B6}.Release|Any CPU.ActiveCfg = Release|Any CPU
		{509DDF87-BF38-4260-B1AF-570EB87175B6}.Release|Any CPU.Build.0 = Release|Any CPU
	EndGlobalSection
	GlobalSection(SolutionProperties) = preSolution
		HideSolutionNode = FALSE
	EndGlobalSection
	GlobalSection(ExtensibilityGlobals) = postSolution
		SolutionGuid = {68D5E6DF-18C2-4A36-81E7-B2C32AA754DB}
	EndGlobalSection
EndGlobal
